
Microsoft Visual Studio Solution File, Format Version 12.00
Project("{FAE04EC0-301F-11D3-BF4B-00C04F79EFBC}") = "Terrain_0", "Terrain_0\Terrain_0.csproj", "{948FCB56-C680-4102-8E25-7E3ABBCB937E}"
EndProject
Project("{FAE04EC0-301F-11D3-BF4B-00C04F79EFBC}") = "Terrain_1", "Terrain_1\Terrain_1.csproj", "{94EF756E-F9E0-4EF2-9E1A-690B8748BA6D}"
EndProject
Project("{FAE04EC0-301F-11D3-BF4B-00C04F79EFBC}") = "Triangle_0", "Triangle_0\Triangle_0.csproj", "{973DE508-3C0D-420C-A536-1167462B816B}"
EndProject
Project("{FAE04EC0-301F-11D3-BF4B-00C04F79EFBC}") = "StartUp_DesktopGL", "StartUp_DesktopGL\StartUp_DesktopGL.csproj", "{CD59E9D1-77B4-4451-9502-59DA50114415}"
EndProject
Project("{FAE04EC0-301F-11D3-BF4B-00C04F79EFBC}") = "Texture_0", "Texture_0\Texture_0.csproj", "{ADE2A4CE-252B-4574-92A2-ED73E0F6CF95}"
EndProject
Project("{FAE04EC0-301F-11D3-BF4B-00C04F79EFBC}") = "Texture_1", "Texture_1\Texture_1.csproj", "{2132DA17-A540-4A06-B44B-B1042FE2254E}"
EndProject
Project("{FAE04EC0-301F-11D3-BF4B-00C04F79EFBC}") = "Texture_2", "Texture_2\Texture_2.csproj", "{966AA59B-742F-45A8-82AC-E790D70FCD6D}"
EndProject
Project("{FAE04EC0-301F-11D3-BF4B-00C04F79EFBC}") = "Voxel_0", "Voxel_0\Voxel_0.csproj", "{3CC06F13-1B95-4F53-9249-7A64F68BCF3F}"
EndProject
Project("{FAE04EC0-301F-11D3-BF4B-00C04F79EFBC}") = "StartUp_WindowsDx", "StartUp_WindowsDx\StartUp_WindowsDx.csproj", "{E39F5FC8-E673-4E87-B5F7-92D9BD18BFB7}"
EndProject
Global
	GlobalSection(SolutionConfigurationPlatforms) = preSolution
		Debug|Any CPU = Debug|Any CPU
		Release|Any CPU = Release|Any CPU
	EndGlobalSection
	GlobalSection(ProjectConfigurationPlatforms) = postSolution
		{948FCB56-C680-4102-8E25-7E3ABBCB937E}.Debug|Any CPU.ActiveCfg = Debug|Any CPU
		{948FCB56-C680-4102-8E25-7E3ABBCB937E}.Debug|Any CPU.Build.0 = Debug|Any CPU
		{948FCB56-C680-4102-8E25-7E3ABBCB937E}.Release|Any CPU.ActiveCfg = Release|Any CPU
		{948FCB56-C680-4102-8E25-7E3ABBCB937E}.Release|Any CPU.Build.0 = Release|Any CPU
		{94EF756E-F9E0-4EF2-9E1A-690B8748BA6D}.Debug|Any CPU.ActiveCfg = Debug|Any CPU
		{94EF756E-F9E0-4EF2-9E1A-690B8748BA6D}.Debug|Any CPU.Build.0 = Debug|Any CPU
		{94EF756E-F9E0-4EF2-9E1A-690B8748BA6D}.Release|Any CPU.ActiveCfg = Release|Any CPU
		{94EF756E-F9E0-4EF2-9E1A-690B8748BA6D}.Release|Any CPU.Build.0 = Release|Any CPU
		{973DE508-3C0D-420C-A536-1167462B816B}.Debug|Any CPU.ActiveCfg = Debug|Any CPU
		{973DE508-3C0D-420C-A536-1167462B816B}.Debug|Any CPU.Build.0 = Debug|Any CPU
		{973DE508-3C0D-420C-A536-1167462B816B}.Release|Any CPU.ActiveCfg = Release|Any CPU
		{973DE508-3C0D-420C-A536-1167462B816B}.Release|Any CPU.Build.0 = Release|Any CPU
		{CD59E9D1-77B4-4451-9502-59DA50114415}.Debug|Any CPU.ActiveCfg = Debug|Any CPU
		{CD59E9D1-77B4-4451-9502-59DA50114415}.Debug|Any CPU.Build.0 = Debug|Any CPU
		{CD59E9D1-77B4-4451-9502-59DA50114415}.Release|Any CPU.ActiveCfg = Release|Any CPU
		{CD59E9D1-77B4-4451-9502-59DA50114415}.Release|Any CPU.Build.0 = Release|Any CPU
		{ADE2A4CE-252B-4574-92A2-ED73E0F6CF95}.Debug|Any CPU.ActiveCfg = Debug|Any CPU
		{ADE2A4CE-252B-4574-92A2-ED73E0F6CF95}.Debug|Any CPU.Build.0 = Debug|Any CPU
		{ADE2A4CE-252B-4574-92A2-ED73E0F6CF95}.Release|Any CPU.ActiveCfg = Release|Any CPU
		{ADE2A4CE-252B-4574-92A2-ED73E0F6CF95}.Release|Any CPU.Build.0 = Release|Any CPU
		{2132DA17-A540-4A06-B44B-B1042FE2254E}.Debug|Any CPU.ActiveCfg = Debug|Any CPU
		{2132DA17-A540-4A06-B44B-B1042FE2254E}.Debug|Any CPU.Build.0 = Debug|Any CPU
		{2132DA17-A540-4A06-B44B-B1042FE2254E}.Release|Any CPU.ActiveCfg = Release|Any CPU
		{2132DA17-A540-4A06-B44B-B1042FE2254E}.Release|Any CPU.Build.0 = Release|Any CPU
		{966AA59B-742F-45A8-82AC-E790D70FCD6D}.Debug|Any CPU.ActiveCfg = Debug|Any CPU
		{966AA59B-742F-45A8-82AC-E790D70FCD6D}.Debug|Any CPU.Build.0 = Debug|Any CPU
		{966AA59B-742F-45A8-82AC-E790D70FCD6D}.Release|Any CPU.ActiveCfg = Release|Any CPU
		{966AA59B-742F-45A8-82AC-E790D70FCD6D}.Release|Any CPU.Build.0 = Release|Any CPU
		{3CC06F13-1B95-4F53-9249-7A64F68BCF3F}.Debug|Any CPU.ActiveCfg = Debug|Any CPU
		{3CC06F13-1B95-4F53-9249-7A64F68BCF3F}.Debug|Any CPU.Build.0 = Debug|Any CPU
		{3CC06F13-1B95-4F53-9249-7A64F68BCF3F}.Release|Any CPU.ActiveCfg = Release|Any CPU
		{3CC06F13-1B95-4F53-9249-7A64F68BCF3F}.Release|Any CPU.Build.0 = Release|Any CPU
		{E39F5FC8-E673-4E87-B5F7-92D9BD18BFB7}.Debug|Any CPU.ActiveCfg = Debug|Any CPU
		{E39F5FC8-E673-4E87-B5F7-92D9BD18BFB7}.Debug|Any CPU.Build.0 = Debug|Any CPU
		{E39F5FC8-E673-4E87-B5F7-92D9BD18BFB7}.Release|Any CPU.ActiveCfg = Release|Any CPU
		{E39F5FC8-E673-4E87-B5F7-92D9BD18BFB7}.Release|Any CPU.Build.0 = Release|Any CPU
	EndGlobalSection
EndGlobal
